
Microsoft Visual Studio Solution File, Format Version 12.00
# Visual Studio Version 17
VisualStudioVersion = 17.8.34511.84
MinimumVisualStudioVersion = 10.0.40219.1
Project("{FAE04EC0-301F-11D3-BF4B-00C04F79EFBC}") = "Aababiy18_3", "Aababiy18_3.csproj", "{0B5BB648-0B8F-4213-BCD9-6099C51FC1B7}"
EndProject
Global
	GlobalSection(SolutionConfigurationPlatforms) = preSolution
		Debug|Any CPU = Debug|Any CPU
		Release|Any CPU = Release|Any CPU
	EndGlobalSection
	GlobalSection(ProjectConfigurationPlatforms) = postSolution
		{0B5BB648-0B8F-4213-BCD9-6099C51FC1B7}.Debug|Any CPU.ActiveCfg = Debug|Any CPU
		{0B5BB648-0B8F-4213-BCD9-6099C51FC1B7}.Debug|Any CPU.Build.0 = Debug|Any CPU
		{0B5BB648-0B8F-4213-BCD9-6099C51FC1B7}.Release|Any CPU.ActiveCfg = Release|Any CPU
		{0B5BB648-0B8F-4213-BCD9-6099C51FC1B7}.Release|Any CPU.Build.0 = Release|Any CPU
	EndGlobalSection
	GlobalSection(SolutionProperties) = preSolution
		HideSolutionNode = FALSE
	EndGlobalSection
	GlobalSection(ExtensibilityGlobals) = postSolution
		SolutionGuid = {8385F0FD-B45A-4E33-A443-620DE6F6C474}
	EndGlobalSection
EndGlobal
