
Microsoft Visual Studio Solution File, Format Version 12.00
# Visual Studio Version 16
VisualStudioVersion = 16.0.33920.266
MinimumVisualStudioVersion = 10.0.40219.1
Project("{FAE04EC0-301F-11D3-BF4B-00C04F79EFBC}") = "Ababiy16_2", "Ababiy16_2.csproj", "{ECF1C0BD-B7DC-4DB7-84DA-B7AE08508F1B}"
EndProject
Global
	GlobalSection(SolutionConfigurationPlatforms) = preSolution
		Debug|Any CPU = Debug|Any CPU
		Release|Any CPU = Release|Any CPU
	EndGlobalSection
	GlobalSection(ProjectConfigurationPlatforms) = postSolution
		{ECF1C0BD-B7DC-4DB7-84DA-B7AE08508F1B}.Debug|Any CPU.ActiveCfg = Debug|Any CPU
		{ECF1C0BD-B7DC-4DB7-84DA-B7AE08508F1B}.Debug|Any CPU.Build.0 = Debug|Any CPU
		{ECF1C0BD-B7DC-4DB7-84DA-B7AE08508F1B}.Release|Any CPU.ActiveCfg = Release|Any CPU
		{ECF1C0BD-B7DC-4DB7-84DA-B7AE08508F1B}.Release|Any CPU.Build.0 = Release|Any CPU
	EndGlobalSection
	GlobalSection(SolutionProperties) = preSolution
		HideSolutionNode = FALSE
	EndGlobalSection
	GlobalSection(ExtensibilityGlobals) = postSolution
		SolutionGuid = {05F80E38-E2AC-4571-AF3D-EAE79014F2A8}
	EndGlobalSection
EndGlobal
