
Microsoft Visual Studio Solution File, Format Version 12.00
# Visual Studio Version 16
VisualStudioVersion = 16.0.33920.266
MinimumVisualStudioVersion = 10.0.40219.1
Project("{FAE04EC0-301F-11D3-BF4B-00C04F79EFBC}") = "Ababiy", "Ababiy.csproj", "{BFBCCEFA-7F2C-4E7A-9E07-0ECE90727EDD}"
EndProject
Global
	GlobalSection(SolutionConfigurationPlatforms) = preSolution
		Debug|Any CPU = Debug|Any CPU
		Release|Any CPU = Release|Any CPU
	EndGlobalSection
	GlobalSection(ProjectConfigurationPlatforms) = postSolution
		{BFBCCEFA-7F2C-4E7A-9E07-0ECE90727EDD}.Debug|Any CPU.ActiveCfg = Debug|Any CPU
		{BFBCCEFA-7F2C-4E7A-9E07-0ECE90727EDD}.Debug|Any CPU.Build.0 = Debug|Any CPU
		{BFBCCEFA-7F2C-4E7A-9E07-0ECE90727EDD}.Release|Any CPU.ActiveCfg = Release|Any CPU
		{BFBCCEFA-7F2C-4E7A-9E07-0ECE90727EDD}.Release|Any CPU.Build.0 = Release|Any CPU
	EndGlobalSection
	GlobalSection(SolutionProperties) = preSolution
		HideSolutionNode = FALSE
	EndGlobalSection
	GlobalSection(ExtensibilityGlobals) = postSolution
		SolutionGuid = {103C0E58-65DA-41FE-A8CC-7051AA8848AA}
	EndGlobalSection
EndGlobal
