
Microsoft Visual Studio Solution File, Format Version 12.00
# Visual Studio Version 17
VisualStudioVersion = 17.8.34511.84
MinimumVisualStudioVersion = 10.0.40219.1
Project("{FAE04EC0-301F-11D3-BF4B-00C04F79EFBC}") = "16-4CHERNOVIK", "16-4CHERNOVIK.csproj", "{944D9777-840E-40E6-B5D2-F083DA16F712}"
EndProject
Global
	GlobalSection(SolutionConfigurationPlatforms) = preSolution
		Debug|Any CPU = Debug|Any CPU
		Release|Any CPU = Release|Any CPU
	EndGlobalSection
	GlobalSection(ProjectConfigurationPlatforms) = postSolution
		{944D9777-840E-40E6-B5D2-F083DA16F712}.Debug|Any CPU.ActiveCfg = Debug|Any CPU
		{944D9777-840E-40E6-B5D2-F083DA16F712}.Debug|Any CPU.Build.0 = Debug|Any CPU
		{944D9777-840E-40E6-B5D2-F083DA16F712}.Release|Any CPU.ActiveCfg = Release|Any CPU
		{944D9777-840E-40E6-B5D2-F083DA16F712}.Release|Any CPU.Build.0 = Release|Any CPU
	EndGlobalSection
	GlobalSection(SolutionProperties) = preSolution
		HideSolutionNode = FALSE
	EndGlobalSection
	GlobalSection(ExtensibilityGlobals) = postSolution
		SolutionGuid = {779D22DC-3F0A-4F8A-AEB6-F3D33F4F0462}
	EndGlobalSection
EndGlobal
